
Microsoft Visual Studio Solution File, Format Version 12.00
# Visual Studio Version 17
VisualStudioVersion = 17.5.33516.290
MinimumVisualStudioVersion = 10.0.40219.1
Project("{FAE04EC0-301F-11D3-BF4B-00C04F79EFBC}") = "BankDemo", "BankDemo.csproj", "{8E51C937-D8C3-4C19-B50C-6047D72BE4FD}"
EndProject
Global
	GlobalSection(SolutionConfigurationPlatforms) = preSolution
		Debug|Any CPU = Debug|Any CPU
		Release|Any CPU = Release|Any CPU
	EndGlobalSection
	GlobalSection(ProjectConfigurationPlatforms) = postSolution
		{8E51C937-D8C3-4C19-B50C-6047D72BE4FD}.Debug|Any CPU.ActiveCfg = Debug|Any CPU
		{8E51C937-D8C3-4C19-B50C-6047D72BE4FD}.Debug|Any CPU.Build.0 = Debug|Any CPU
		{8E51C937-D8C3-4C19-B50C-6047D72BE4FD}.Release|Any CPU.ActiveCfg = Release|Any CPU
		{8E51C937-D8C3-4C19-B50C-6047D72BE4FD}.Release|Any CPU.Build.0 = Release|Any CPU
	EndGlobalSection
	GlobalSection(SolutionProperties) = preSolution
		HideSolutionNode = FALSE
	EndGlobalSection
	GlobalSection(ExtensibilityGlobals) = postSolution
		SolutionGuid = {67326370-C193-4272-83F4-DE482C6AE1E0}
	EndGlobalSection
EndGlobal
